
Microsoft Visual Studio Solution File, Format Version 12.00
# Visual Studio 15
Project("{FAE04EC0-301F-11D3-BF4B-00C04F79EFBC}") = "Assembly-CSharp", "Assembly-CSharp.csproj", "{9A92E385-F799-74F7-BB9E-75B245A7156B}"
EndProject
Project("{FAE04EC0-301F-11D3-BF4B-00C04F79EFBC}") = "Assembly-CSharp-Editor", "Assembly-CSharp-Editor.csproj", "{2AAAB18A-8838-743A-AC80-002AB52D7C86}"
EndProject
Global
	GlobalSection(SolutionConfigurationPlatforms) = preSolution
		Debug|Any CPU = Debug|Any CPU
		Release|Any CPU = Release|Any CPU
	EndGlobalSection
	GlobalSection(ProjectConfigurationPlatforms) = postSolution
		{9A92E385-F799-74F7-BB9E-75B245A7156B}.Debug|Any CPU.ActiveCfg = Debug|Any CPU
		{9A92E385-F799-74F7-BB9E-75B245A7156B}.Debug|Any CPU.Build.0 = Debug|Any CPU
		{9A92E385-F799-74F7-BB9E-75B245A7156B}.Release|Any CPU.ActiveCfg = Release|Any CPU
		{9A92E385-F799-74F7-BB9E-75B245A7156B}.Release|Any CPU.Build.0 = Release|Any CPU
		{2AAAB18A-8838-743A-AC80-002AB52D7C86}.Debug|Any CPU.ActiveCfg = Debug|Any CPU
		{2AAAB18A-8838-743A-AC80-002AB52D7C86}.Debug|Any CPU.Build.0 = Debug|Any CPU
		{2AAAB18A-8838-743A-AC80-002AB52D7C86}.Release|Any CPU.ActiveCfg = Release|Any CPU
		{2AAAB18A-8838-743A-AC80-002AB52D7C86}.Release|Any CPU.Build.0 = Release|Any CPU
	EndGlobalSection
	GlobalSection(SolutionProperties) = preSolution
		HideSolutionNode = FALSE
	EndGlobalSection
EndGlobal
